// !$*UTF8*$!
{
	archiveVersion = 1;
	classes = {
	};
	objectVersion = 55;
	objects = {

/* Begin PBXBuildFile section */
		7F57549E294A5226003469A6 /* ScalefocusApp.swift in Sources */ = {isa = PBXBuildFile; fileRef = 7F57549D294A5226003469A6 /* ScalefocusApp.swift */; };
		7F5754A0294A5226003469A6 /* MovieListView.swift in Sources */ = {isa = PBXBuildFile; fileRef = 7F57549F294A5226003469A6 /* MovieListView.swift */; };
		7F5754A2294A5227003469A6 /* Assets.xcassets in Resources */ = {isa = PBXBuildFile; fileRef = 7F5754A1294A5227003469A6 /* Assets.xcassets */; };
		7F5754A5294A5227003469A6 /* Preview Assets.xcassets in Resources */ = {isa = PBXBuildFile; fileRef = 7F5754A4294A5227003469A6 /* Preview Assets.xcassets */; };
		7F5754AD294A5251003469A6 /* MovieModel.swift in Sources */ = {isa = PBXBuildFile; fileRef = 7F5754AC294A5251003469A6 /* MovieModel.swift */; };
		7F5754AF294A540A003469A6 /* MovieGridViewCell.swift in Sources */ = {isa = PBXBuildFile; fileRef = 7F5754AE294A540A003469A6 /* MovieGridViewCell.swift */; };
		7F6A0AC729507D840034594D /* AddMovieView.swift in Sources */ = {isa = PBXBuildFile; fileRef = 7F6A0AC629507D840034594D /* AddMovieView.swift */; };
		7F7E9F5B294BB4E00051D17D /* MovieListViewModel.swift in Sources */ = {isa = PBXBuildFile; fileRef = 7F7E9F5A294BB4E00051D17D /* MovieListViewModel.swift */; };
		7F85241C294D08D800539018 /* KeyboardResponder.swift in Sources */ = {isa = PBXBuildFile; fileRef = 7F85241B294D08D800539018 /* KeyboardResponder.swift */; };
		7F8C859B294B8F05000826B8 /* MovieManager.swift in Sources */ = {isa = PBXBuildFile; fileRef = 7F8C859A294B8F05000826B8 /* MovieManager.swift */; };
		7F8C85A0294B90C2000826B8 /* ViewHelper.swift in Sources */ = {isa = PBXBuildFile; fileRef = 7F8C859F294B90C2000826B8 /* ViewHelper.swift */; };
		7FA23707294AF8570085072F /* IntoView.swift in Sources */ = {isa = PBXBuildFile; fileRef = 7FA23706294AF8570085072F /* IntoView.swift */; };
		7FA23709294B06150085072F /* EditMovieView.swift in Sources */ = {isa = PBXBuildFile; fileRef = 7FA23708294B06150085072F /* EditMovieView.swift */; };
		7FA2370D294B1A2A0085072F /* StateManager.swift in Sources */ = {isa = PBXBuildFile; fileRef = 7FA2370C294B1A2A0085072F /* StateManager.swift */; };
		7FE596C9294B5140004BD479 /* AddMovieViewModel.swift in Sources */ = {isa = PBXBuildFile; fileRef = 7FE596C8294B5140004BD479 /* AddMovieViewModel.swift */; };
		7FE596CB294B68A9004BD479 /* MovieDetailView.swift in Sources */ = {isa = PBXBuildFile; fileRef = 7FE596CA294B68A9004BD479 /* MovieDetailView.swift */; };
		7FEAE70B294C661500B90967 /* EditMovieViewModel.swift in Sources */ = {isa = PBXBuildFile; fileRef = 7FEAE70A294C661500B90967 /* EditMovieViewModel.swift */; };
		7FEAE70D294C665000B90967 /* MovieDetailViewModel.swift in Sources */ = {isa = PBXBuildFile; fileRef = 7FEAE70C294C665000B90967 /* MovieDetailViewModel.swift */; };
/* End PBXBuildFile section */

/* Begin PBXFileReference section */
		7F57549A294A5226003469A6 /* Scalefocus.app */ = {isa = PBXFileReference; explicitFileType = wrapper.application; includeInIndex = 0; path = Scalefocus.app; sourceTree = BUILT_PRODUCTS_DIR; };
		7F57549D294A5226003469A6 /* ScalefocusApp.swift */ = {isa = PBXFileReference; lastKnownFileType = sourcecode.swift; path = ScalefocusApp.swift; sourceTree = "<group>"; };
		7F57549F294A5226003469A6 /* MovieListView.swift */ = {isa = PBXFileReference; lastKnownFileType = sourcecode.swift; path = MovieListView.swift; sourceTree = "<group>"; };
		7F5754A1294A5227003469A6 /* Assets.xcassets */ = {isa = PBXFileReference; lastKnownFileType = folder.assetcatalog; path = Assets.xcassets; sourceTree = "<group>"; };
		7F5754A4294A5227003469A6 /* Preview Assets.xcassets */ = {isa = PBXFileReference; lastKnownFileType = folder.assetcatalog; path = "Preview Assets.xcassets"; sourceTree = "<group>"; };
		7F5754AC294A5251003469A6 /* MovieModel.swift */ = {isa = PBXFileReference; lastKnownFileType = sourcecode.swift; path = MovieModel.swift; sourceTree = "<group>"; };
		7F5754AE294A540A003469A6 /* MovieGridViewCell.swift */ = {isa = PBXFileReference; lastKnownFileType = sourcecode.swift; path = MovieGridViewCell.swift; sourceTree = "<group>"; };
		7F6A0AC629507D840034594D /* AddMovieView.swift */ = {isa = PBXFileReference; fileEncoding = 4; lastKnownFileType = sourcecode.swift; path = AddMovieView.swift; sourceTree = "<group>"; };
		7F7E9F5A294BB4E00051D17D /* MovieListViewModel.swift */ = {isa = PBXFileReference; lastKnownFileType = sourcecode.swift; path = MovieListViewModel.swift; sourceTree = "<group>"; };
		7F85241B294D08D800539018 /* KeyboardResponder.swift */ = {isa = PBXFileReference; lastKnownFileType = sourcecode.swift; path = KeyboardResponder.swift; sourceTree = "<group>"; };
		7F8C859A294B8F05000826B8 /* MovieManager.swift */ = {isa = PBXFileReference; lastKnownFileType = sourcecode.swift; path = MovieManager.swift; sourceTree = "<group>"; };
		7F8C859F294B90C2000826B8 /* ViewHelper.swift */ = {isa = PBXFileReference; lastKnownFileType = sourcecode.swift; path = ViewHelper.swift; sourceTree = "<group>"; };
		7FA23706294AF8570085072F /* IntoView.swift */ = {isa = PBXFileReference; lastKnownFileType = sourcecode.swift; path = IntoView.swift; sourceTree = "<group>"; };
		7FA23708294B06150085072F /* EditMovieView.swift */ = {isa = PBXFileReference; lastKnownFileType = sourcecode.swift; path = EditMovieView.swift; sourceTree = "<group>"; };
		7FA2370C294B1A2A0085072F /* StateManager.swift */ = {isa = PBXFileReference; lastKnownFileType = sourcecode.swift; path = StateManager.swift; sourceTree = "<group>"; };
		7FE596C8294B5140004BD479 /* AddMovieViewModel.swift */ = {isa = PBXFileReference; lastKnownFileType = sourcecode.swift; path = AddMovieViewModel.swift; sourceTree = "<group>"; };
		7FE596CA294B68A9004BD479 /* MovieDetailView.swift */ = {isa = PBXFileReference; lastKnownFileType = sourcecode.swift; path = MovieDetailView.swift; sourceTree = "<group>"; };
		7FEAE70A294C661500B90967 /* EditMovieViewModel.swift */ = {isa = PBXFileReference; lastKnownFileType = sourcecode.swift; path = EditMovieViewModel.swift; sourceTree = "<group>"; };
		7FEAE70C294C665000B90967 /* MovieDetailViewModel.swift */ = {isa = PBXFileReference; lastKnownFileType = sourcecode.swift; path = MovieDetailViewModel.swift; sourceTree = "<group>"; };
/* End PBXFileReference section */

/* Begin PBXFrameworksBuildPhase section */
		7F575497294A5226003469A6 /* Frameworks */ = {
			isa = PBXFrameworksBuildPhase;
			buildActionMask = 2147483647;
			files = (
			);
			runOnlyForDeploymentPostprocessing = 0;
		};
/* End PBXFrameworksBuildPhase section */

/* Begin PBXGroup section */
		7F575491294A5226003469A6 = {
			isa = PBXGroup;
			children = (
				7F57549C294A5226003469A6 /* Scalefocus */,
				7F57549B294A5226003469A6 /* Products */,
			);
			sourceTree = "<group>";
		};
		7F57549B294A5226003469A6 /* Products */ = {
			isa = PBXGroup;
			children = (
				7F57549A294A5226003469A6 /* Scalefocus.app */,
			);
			name = Products;
			sourceTree = "<group>";
		};
		7F57549C294A5226003469A6 /* Scalefocus */ = {
			isa = PBXGroup;
			children = (
				7F8C859E294B9031000826B8 /* Helpers */,
				7F8C859D294B8FF9000826B8 /* View */,
				7F8C859C294B8FF2000826B8 /* ViewModel */,
				7F8C8599294B8EF1000826B8 /* Service */,
				7F5754AB294A523C003469A6 /* Model */,
				7F57549D294A5226003469A6 /* ScalefocusApp.swift */,
				7F5754A1294A5227003469A6 /* Assets.xcassets */,
				7F5754A3294A5227003469A6 /* Preview Content */,
			);
			path = Scalefocus;
			sourceTree = "<group>";
		};
		7F5754A3294A5227003469A6 /* Preview Content */ = {
			isa = PBXGroup;
			children = (
				7F5754A4294A5227003469A6 /* Preview Assets.xcassets */,
			);
			path = "Preview Content";
			sourceTree = "<group>";
		};
		7F5754AB294A523C003469A6 /* Model */ = {
			isa = PBXGroup;
			children = (
				7F5754AC294A5251003469A6 /* MovieModel.swift */,
			);
			path = Model;
			sourceTree = "<group>";
		};
		7F8C8599294B8EF1000826B8 /* Service */ = {
			isa = PBXGroup;
			children = (
				7F8C859A294B8F05000826B8 /* MovieManager.swift */,
			);
			path = Service;
			sourceTree = "<group>";
		};
		7F8C859C294B8FF2000826B8 /* ViewModel */ = {
			isa = PBXGroup;
			children = (
				7F7E9F5A294BB4E00051D17D /* MovieListViewModel.swift */,
				7FE596C8294B5140004BD479 /* AddMovieViewModel.swift */,
				7FEAE70C294C665000B90967 /* MovieDetailViewModel.swift */,
				7FEAE70A294C661500B90967 /* EditMovieViewModel.swift */,
			);
			path = ViewModel;
			sourceTree = "<group>";
		};
		7F8C859D294B8FF9000826B8 /* View */ = {
			isa = PBXGroup;
			children = (
				7FA23706294AF8570085072F /* IntoView.swift */,
				7F57549F294A5226003469A6 /* MovieListView.swift */,
				7F6A0AC629507D840034594D /* AddMovieView.swift */,
				7FE596CA294B68A9004BD479 /* MovieDetailView.swift */,
				7FA23708294B06150085072F /* EditMovieView.swift */,
				7F5754AE294A540A003469A6 /* MovieGridViewCell.swift */,
			);
			path = View;
			sourceTree = "<group>";
		};
		7F8C859E294B9031000826B8 /* Helpers */ = {
			isa = PBXGroup;
			children = (
				7FA2370C294B1A2A0085072F /* StateManager.swift */,
				7F8C859F294B90C2000826B8 /* ViewHelper.swift */,
				7F85241B294D08D800539018 /* KeyboardResponder.swift */,
			);
			path = Helpers;
			sourceTree = "<group>";
		};
/* End PBXGroup section */

/* Begin PBXNativeTarget section */
		7F575499294A5226003469A6 /* Scalefocus */ = {
			isa = PBXNativeTarget;
			buildConfigurationList = 7F5754A8294A5227003469A6 /* Build configuration list for PBXNativeTarget "Scalefocus" */;
			buildPhases = (
				7F575496294A5226003469A6 /* Sources */,
				7F575497294A5226003469A6 /* Frameworks */,
				7F575498294A5226003469A6 /* Resources */,
			);
			buildRules = (
			);
			dependencies = (
			);
			name = Scalefocus;
			productName = Scalefocus;
			productReference = 7F57549A294A5226003469A6 /* Scalefocus.app */;
			productType = "com.apple.product-type.application";
		};
/* End PBXNativeTarget section */

/* Begin PBXProject section */
		7F575492294A5226003469A6 /* Project object */ = {
			isa = PBXProject;
			attributes = {
				BuildIndependentTargetsInParallel = 1;
				LastSwiftUpdateCheck = 1330;
				LastUpgradeCheck = 1330;
				TargetAttributes = {
					7F575499294A5226003469A6 = {
						CreatedOnToolsVersion = 13.3;
					};
				};
			};
			buildConfigurationList = 7F575495294A5226003469A6 /* Build configuration list for PBXProject "Scalefocus" */;
			compatibilityVersion = "Xcode 13.0";
			developmentRegion = en;
			hasScannedForEncodings = 0;
			knownRegions = (
				en,
				Base,
			);
			mainGroup = 7F575491294A5226003469A6;
			productRefGroup = 7F57549B294A5226003469A6 /* Products */;
			projectDirPath = "";
			projectRoot = "";
			targets = (
				7F575499294A5226003469A6 /* Scalefocus */,
			);
		};
/* End PBXProject section */

/* Begin PBXResourcesBuildPhase section */
		7F575498294A5226003469A6 /* Resources */ = {
			isa = PBXResourcesBuildPhase;
			buildActionMask = 2147483647;
			files = (
				7F5754A5294A5227003469A6 /* Preview Assets.xcassets in Resources */,
				7F5754A2294A5227003469A6 /* Assets.xcassets in Resources */,
			);
			runOnlyForDeploymentPostprocessing = 0;
		};
/* End PBXResourcesBuildPhase section */

/* Begin PBXSourcesBuildPhase section */
		7F575496294A5226003469A6 /* Sources */ = {
			isa = PBXSourcesBuildPhase;
			buildActionMask = 2147483647;
			files = (
				7F85241C294D08D800539018 /* KeyboardResponder.swift in Sources */,
				7F8C859B294B8F05000826B8 /* MovieManager.swift in Sources */,
				7FE596CB294B68A9004BD479 /* MovieDetailView.swift in Sources */,
				7F5754AD294A5251003469A6 /* MovieModel.swift in Sources */,
				7FE596C9294B5140004BD479 /* AddMovieViewModel.swift in Sources */,
				7F6A0AC729507D840034594D /* AddMovieView.swift in Sources */,
				7FA2370D294B1A2A0085072F /* StateManager.swift in Sources */,
				7F7E9F5B294BB4E00051D17D /* MovieListViewModel.swift in Sources */,
				7F5754A0294A5226003469A6 /* MovieListView.swift in Sources */,
				7FA23707294AF8570085072F /* IntoView.swift in Sources */,
				7FEAE70B294C661500B90967 /* EditMovieViewModel.swift in Sources */,
				7F57549E294A5226003469A6 /* ScalefocusApp.swift in Sources */,
				7FEAE70D294C665000B90967 /* MovieDetailViewModel.swift in Sources */,
				7FA23709294B06150085072F /* EditMovieView.swift in Sources */,
				7F8C85A0294B90C2000826B8 /* ViewHelper.swift in Sources */,
				7F5754AF294A540A003469A6 /* MovieGridViewCell.swift in Sources */,
			);
			runOnlyForDeploymentPostprocessing = 0;
		};
/* End PBXSourcesBuildPhase section */

/* Begin XCBuildConfiguration section */
		7F5754A6294A5227003469A6 /* Debug */ = {
			isa = XCBuildConfiguration;
			buildSettings = {
				ALWAYS_SEARCH_USER_PATHS = NO;
				CLANG_ANALYZER_NONNULL = YES;
				CLANG_ANALYZER_NUMBER_OBJECT_CONVERSION = YES_AGGRESSIVE;
				CLANG_CXX_LANGUAGE_STANDARD = "gnu++17";
				CLANG_ENABLE_MODULES = YES;
				CLANG_ENABLE_OBJC_ARC = YES;
				CLANG_ENABLE_OBJC_WEAK = YES;
				CLANG_WARN_BLOCK_CAPTURE_AUTORELEASING = YES;
				CLANG_WARN_BOOL_CONVERSION = YES;
				CLANG_WARN_COMMA = YES;
				CLANG_WARN_CONSTANT_CONVERSION = YES;
				CLANG_WARN_DEPRECATED_OBJC_IMPLEMENTATIONS = YES;
				CLANG_WARN_DIRECT_OBJC_ISA_USAGE = YES_ERROR;
				CLANG_WARN_DOCUMENTATION_COMMENTS = YES;
				CLANG_WARN_EMPTY_BODY = YES;
				CLANG_WARN_ENUM_CONVERSION = YES;
				CLANG_WARN_INFINITE_RECURSION = YES;
				CLANG_WARN_INT_CONVERSION = YES;
				CLANG_WARN_NON_LITERAL_NULL_CONVERSION = YES;
				CLANG_WARN_OBJC_IMPLICIT_RETAIN_SELF = YES;
				CLANG_WARN_OBJC_LITERAL_CONVERSION = YES;
				CLANG_WARN_OBJC_ROOT_CLASS = YES_ERROR;
				CLANG_WARN_QUOTED_INCLUDE_IN_FRAMEWORK_HEADER = YES;
				CLANG_WARN_RANGE_LOOP_ANALYSIS = YES;
				CLANG_WARN_STRICT_PROTOTYPES = YES;
				CLANG_WARN_SUSPICIOUS_MOVE = YES;
				CLANG_WARN_UNGUARDED_AVAILABILITY = YES_AGGRESSIVE;
				CLANG_WARN_UNREACHABLE_CODE = YES;
				CLANG_WARN__DUPLICATE_METHOD_MATCH = YES;
				COPY_PHASE_STRIP = NO;
				DEBUG_INFORMATION_FORMAT = dwarf;
				ENABLE_STRICT_OBJC_MSGSEND = YES;
				ENABLE_TESTABILITY = YES;
				GCC_C_LANGUAGE_STANDARD = gnu11;
				GCC_DYNAMIC_NO_PIC = NO;
				GCC_NO_COMMON_BLOCKS = YES;
				GCC_OPTIMIZATION_LEVEL = 0;
				GCC_PREPROCESSOR_DEFINITIONS = (
					"DEBUG=1",
					"$(inherited)",
				);
				GCC_WARN_64_TO_32_BIT_CONVERSION = YES;
				GCC_WARN_ABOUT_RETURN_TYPE = YES_ERROR;
				GCC_WARN_UNDECLARED_SELECTOR = YES;
				GCC_WARN_UNINITIALIZED_AUTOS = YES_AGGRESSIVE;
				GCC_WARN_UNUSED_FUNCTION = YES;
				GCC_WARN_UNUSED_VARIABLE = YES;
				IPHONEOS_DEPLOYMENT_TARGET = 15.4;
				MTL_ENABLE_DEBUG_INFO = INCLUDE_SOURCE;
				MTL_FAST_MATH = YES;
				ONLY_ACTIVE_ARCH = YES;
				SDKROOT = iphoneos;
				SWIFT_ACTIVE_COMPILATION_CONDITIONS = DEBUG;
				SWIFT_OPTIMIZATION_LEVEL = "-Onone";
			};
			name = Debug;
		};
		7F5754A7294A5227003469A6 /* Release */ = {
			isa = XCBuildConfiguration;
			buildSettings = {
				ALWAYS_SEARCH_USER_PATHS = NO;
				CLANG_ANALYZER_NONNULL = YES;
				CLANG_ANALYZER_NUMBER_OBJECT_CONVERSION = YES_AGGRESSIVE;
				CLANG_CXX_LANGUAGE_STANDARD = "gnu++17";
				CLANG_ENABLE_MODULES = YES;
				CLANG_ENABLE_OBJC_ARC = YES;
				CLANG_ENABLE_OBJC_WEAK = YES;
				CLANG_WARN_BLOCK_CAPTURE_AUTORELEASING = YES;
				CLANG_WARN_BOOL_CONVERSION = YES;
				CLANG_WARN_COMMA = YES;
				CLANG_WARN_CONSTANT_CONVERSION = YES;
				CLANG_WARN_DEPRECATED_OBJC_IMPLEMENTATIONS = YES;
				CLANG_WARN_DIRECT_OBJC_ISA_USAGE = YES_ERROR;
				CLANG_WARN_DOCUMENTATION_COMMENTS = YES;
				CLANG_WARN_EMPTY_BODY = YES;
				CLANG_WARN_ENUM_CONVERSION = YES;
				CLANG_WARN_INFINITE_RECURSION = YES;
				CLANG_WARN_INT_CONVERSION = YES;
				CLANG_WARN_NON_LITERAL_NULL_CONVERSION = YES;
				CLANG_WARN_OBJC_IMPLICIT_RETAIN_SELF = YES;
				CLANG_WARN_OBJC_LITERAL_CONVERSION = YES;
				CLANG_WARN_OBJC_ROOT_CLASS = YES_ERROR;
				CLANG_WARN_QUOTED_INCLUDE_IN_FRAMEWORK_HEADER = YES;
				CLANG_WARN_RANGE_LOOP_ANALYSIS = YES;
				CLANG_WARN_STRICT_PROTOTYPES = YES;
				CLANG_WARN_SUSPICIOUS_MOVE = YES;
				CLANG_WARN_UNGUARDED_AVAILABILITY = YES_AGGRESSIVE;
				CLANG_WARN_UNREACHABLE_CODE = YES;
				CLANG_WARN__DUPLICATE_METHOD_MATCH = YES;
				COPY_PHASE_STRIP = NO;
				DEBUG_INFORMATION_FORMAT = "dwarf-with-dsym";
				ENABLE_NS_ASSERTIONS = NO;
				ENABLE_STRICT_OBJC_MSGSEND = YES;
				GCC_C_LANGUAGE_STANDARD = gnu11;
				GCC_NO_COMMON_BLOCKS = YES;
				GCC_WARN_64_TO_32_BIT_CONVERSION = YES;
				GCC_WARN_ABOUT_RETURN_TYPE = YES_ERROR;
				GCC_WARN_UNDECLARED_SELECTOR = YES;
				GCC_WARN_UNINITIALIZED_AUTOS = YES_AGGRESSIVE;
				GCC_WARN_UNUSED_FUNCTION = YES;
				GCC_WARN_UNUSED_VARIABLE = YES;
				IPHONEOS_DEPLOYMENT_TARGET = 15.4;
				MTL_ENABLE_DEBUG_INFO = NO;
				MTL_FAST_MATH = YES;
				SDKROOT = iphoneos;
				SWIFT_COMPILATION_MODE = wholemodule;
				SWIFT_OPTIMIZATION_LEVEL = "-O";
				VALIDATE_PRODUCT = YES;
			};
			name = Release;
		};
		7F5754A9294A5227003469A6 /* Debug */ = {
			isa = XCBuildConfiguration;
			buildSettings = {
				ASSETCATALOG_COMPILER_APPICON_NAME = AppIcon;
				ASSETCATALOG_COMPILER_GLOBAL_ACCENT_COLOR_NAME = AccentColor;
				CODE_SIGN_STYLE = Automatic;
				CURRENT_PROJECT_VERSION = 1;
				DEVELOPMENT_ASSET_PATHS = "\"Scalefocus/Preview Content\"";
				DEVELOPMENT_TEAM = PG9S8XJGY8;
				ENABLE_PREVIEWS = YES;
				GENERATE_INFOPLIST_FILE = YES;
				INFOPLIST_KEY_UIApplicationSceneManifest_Generation = YES;
				INFOPLIST_KEY_UIApplicationSupportsIndirectInputEvents = YES;
				INFOPLIST_KEY_UILaunchScreen_Generation = YES;
				INFOPLIST_KEY_UISupportedInterfaceOrientations_iPad = "UIInterfaceOrientationPortrait UIInterfaceOrientationPortraitUpsideDown UIInterfaceOrientationLandscapeLeft UIInterfaceOrientationLandscapeRight";
				INFOPLIST_KEY_UISupportedInterfaceOrientations_iPhone = "UIInterfaceOrientationPortrait UIInterfaceOrientationLandscapeLeft UIInterfaceOrientationLandscapeRight";
				LD_RUNPATH_SEARCH_PATHS = (
					"$(inherited)",
					"@executable_path/Frameworks",
				);
				MARKETING_VERSION = 1.0;
				PRODUCT_BUNDLE_IDENTIFIER = ibrahim.Scalefocus;
				PRODUCT_NAME = "$(TARGET_NAME)";
				SWIFT_EMIT_LOC_STRINGS = YES;
				SWIFT_VERSION = 5.0;
				TARGETED_DEVICE_FAMILY = "1,2";
			};
			name = Debug;
		};
		7F5754AA294A5227003469A6 /* Release */ = {
			isa = XCBuildConfiguration;
			buildSettings = {
				ASSETCATALOG_COMPILER_APPICON_NAME = AppIcon;
				ASSETCATALOG_COMPILER_GLOBAL_ACCENT_COLOR_NAME = AccentColor;
				CODE_SIGN_STYLE = Automatic;
				CURRENT_PROJECT_VERSION = 1;
				DEVELOPMENT_ASSET_PATHS = "\"Scalefocus/Preview Content\"";
				DEVELOPMENT_TEAM = PG9S8XJGY8;
				ENABLE_PREVIEWS = YES;
				GENERATE_INFOPLIST_FILE = YES;
				INFOPLIST_KEY_UIApplicationSceneManifest_Generation = YES;
				INFOPLIST_KEY_UIApplicationSupportsIndirectInputEvents = YES;
				INFOPLIST_KEY_UILaunchScreen_Generation = YES;
				INFOPLIST_KEY_UISupportedInterfaceOrientations_iPad = "UIInterfaceOrientationPortrait UIInterfaceOrientationPortraitUpsideDown UIInterfaceOrientationLandscapeLeft UIInterfaceOrientationLandscapeRight";
				INFOPLIST_KEY_UISupportedInterfaceOrientations_iPhone = "UIInterfaceOrientationPortrait UIInterfaceOrientationLandscapeLeft UIInterfaceOrientationLandscapeRight";
				LD_RUNPATH_SEARCH_PATHS = (
					"$(inherited)",
					"@executable_path/Frameworks",
				);
				MARKETING_VERSION = 1.0;
				PRODUCT_BUNDLE_IDENTIFIER = ibrahim.Scalefocus;
				PRODUCT_NAME = "$(TARGET_NAME)";
				SWIFT_EMIT_LOC_STRINGS = YES;
				SWIFT_VERSION = 5.0;
				TARGETED_DEVICE_FAMILY = "1,2";
			};
			name = Release;
		};
/* End XCBuildConfiguration section */

/* Begin XCConfigurationList section */
		7F575495294A5226003469A6 /* Build configuration list for PBXProject "Scalefocus" */ = {
			isa = XCConfigurationList;
			buildConfigurations = (
				7F5754A6294A5227003469A6 /* Debug */,
				7F5754A7294A5227003469A6 /* Release */,
			);
			defaultConfigurationIsVisible = 0;
			defaultConfigurationName = Release;
		};
		7F5754A8294A5227003469A6 /* Build configuration list for PBXNativeTarget "Scalefocus" */ = {
			isa = XCConfigurationList;
			buildConfigurations = (
				7F5754A9294A5227003469A6 /* Debug */,
				7F5754AA294A5227003469A6 /* Release */,
			);
			defaultConfigurationIsVisible = 0;
			defaultConfigurationName = Release;
		};
/* End XCConfigurationList section */
	};
	rootObject = 7F575492294A5226003469A6 /* Project object */;
}
